
Microsoft Visual Studio Solution File, Format Version 12.00
# Visual Studio 2013
VisualStudioVersion = 12.0.40629.0
MinimumVisualStudioVersion = 10.0.40219.1
Project("{FAE04EC0-301F-11D3-BF4B-00C04F79EFBC}") = "1.WpfStudy", "WpfStudy\1.WpfStudy.csproj", "{301D01C2-9E98-4787-85AF-C5FFF94E61BD}"
EndProject
Project("{FAE04EC0-301F-11D3-BF4B-00C04F79EFBC}") = "2.XamlStudy", "2.XamlStudy\2.XamlStudy.csproj", "{C83E9FD4-78F2-4C32-B8D2-86AF96F69FDB}"
EndProject
Project("{FAE04EC0-301F-11D3-BF4B-00C04F79EFBC}") = "3.LayoutStudy", "3.LayoutStudy\3.LayoutStudy.csproj", "{D58B6E2E-FA7B-453D-B8A7-1052E9CA7854}"
EndProject
Project("{FAE04EC0-301F-11D3-BF4B-00C04F79EFBC}") = "4.DependencyProperty", "4.DependencyProperty\4.DependencyProperty.csproj", "{BA4828D8-E37F-42F4-A1EF-D4E6CAF9867A}"
EndProject
Project("{FAE04EC0-301F-11D3-BF4B-00C04F79EFBC}") = "5.EventRouting", "5.EventRouting\5.EventRouting.csproj", "{50AF3EDC-83F1-4848-842B-F3B3AEE8C646}"
EndProject
Project("{FAE04EC0-301F-11D3-BF4B-00C04F79EFBC}") = "6.WpfControl", "6.WpfControl\6.WpfControl.csproj", "{00CB6EE8-1088-47C3-8B79-040B020A4D42}"
EndProject
Project("{2150E333-8FDC-42A3-9474-1A3956D46DE8}") = "Demo", "Demo", "{AB76A9E1-AD3E-4859-BD2D-F7EBBD02E97A}"
EndProject
Project("{FAE04EC0-301F-11D3-BF4B-00C04F79EFBC}") = "WpfMvvmLightDemo", "Demo\WpfMvvmLightDemo\WpfMvvmLightDemo.csproj", "{2EE4CE18-682A-4967-BBED-A86EBCC1264B}"
EndProject
Project("{FAE04EC0-301F-11D3-BF4B-00C04F79EFBC}") = "WpfMVVMDemo", "Demo\WpfMVVMDemo\WpfMVVMDemo.csproj", "{2B0E4F8F-96FF-4337-8A23-AC3E639C3650}"
EndProject
Project("{FAE04EC0-301F-11D3-BF4B-00C04F79EFBC}") = "7.ApplicationClass", "7.ApplicationClass\7.ApplicationClass.csproj", "{9EC81328-8D01-4B8B-B593-34A1922DB81A}"
EndProject
Project("{FAE04EC0-301F-11D3-BF4B-00C04F79EFBC}") = "8.ElementBinding", "8.ElementBinding\8.ElementBinding.csproj", "{937A17F5-535F-48D5-918F-87EAF02D9455}"
EndProject
Project("{FAE04EC0-301F-11D3-BF4B-00C04F79EFBC}") = "WpfMvvmLightTemplate", "WpfMvvmLightTemplate\WpfMvvmLightTemplate.csproj", "{8CB5419F-1912-4F13-B303-E105F6EA38FD}"
EndProject
Project("{FAE04EC0-301F-11D3-BF4B-00C04F79EFBC}") = "WpfMvvmLightDemo.Test", "WpfMvvmLightDemo.Test\WpfMvvmLightDemo.Test.csproj", "{9DB60370-3974-4A8F-AB4D-46C6685AC072}"
EndProject
Project("{FAE04EC0-301F-11D3-BF4B-00C04F79EFBC}") = "WpfUIAndAutoUpDateDemo", "Demo\WpfUIAndAutoUpDateDemo\WpfUIAndAutoUpDateDemo.csproj", "{CCEECC04-4247-4AB5-874F-79838800B790}"
EndProject
Project("{FAE04EC0-301F-11D3-BF4B-00C04F79EFBC}") = "9.Template", "9.Template\9.Template.csproj", "{30A4261D-178B-4202-9AFB-364D9CC14550}"
EndProject
Project("{FAE04EC0-301F-11D3-BF4B-00C04F79EFBC}") = "10.Animation", "10.Animation\10.Animation.csproj", "{BE63D407-431C-425B-A927-0A9603941833}"
EndProject
Project("{FAE04EC0-301F-11D3-BF4B-00C04F79EFBC}") = "WpfCRUDDemo", "WpfCRUDDemo\WpfCRUDDemo.csproj", "{4A132776-783A-4B6D-BF27-D2DB92330562}"
EndProject
Global
	GlobalSection(SolutionConfigurationPlatforms) = preSolution
		Debug|Any CPU = Debug|Any CPU
		Release|Any CPU = Release|Any CPU
	EndGlobalSection
	GlobalSection(ProjectConfigurationPlatforms) = postSolution
		{301D01C2-9E98-4787-85AF-C5FFF94E61BD}.Debug|Any CPU.ActiveCfg = Debug|Any CPU
		{301D01C2-9E98-4787-85AF-C5FFF94E61BD}.Debug|Any CPU.Build.0 = Debug|Any CPU
		{301D01C2-9E98-4787-85AF-C5FFF94E61BD}.Release|Any CPU.ActiveCfg = Release|Any CPU
		{301D01C2-9E98-4787-85AF-C5FFF94E61BD}.Release|Any CPU.Build.0 = Release|Any CPU
		{C83E9FD4-78F2-4C32-B8D2-86AF96F69FDB}.Debug|Any CPU.ActiveCfg = Debug|Any CPU
		{C83E9FD4-78F2-4C32-B8D2-86AF96F69FDB}.Debug|Any CPU.Build.0 = Debug|Any CPU
		{C83E9FD4-78F2-4C32-B8D2-86AF96F69FDB}.Release|Any CPU.ActiveCfg = Release|Any CPU
		{C83E9FD4-78F2-4C32-B8D2-86AF96F69FDB}.Release|Any CPU.Build.0 = Release|Any CPU
		{D58B6E2E-FA7B-453D-B8A7-1052E9CA7854}.Debug|Any CPU.ActiveCfg = Debug|Any CPU
		{D58B6E2E-FA7B-453D-B8A7-1052E9CA7854}.Debug|Any CPU.Build.0 = Debug|Any CPU
		{D58B6E2E-FA7B-453D-B8A7-1052E9CA7854}.Release|Any CPU.ActiveCfg = Release|Any CPU
		{D58B6E2E-FA7B-453D-B8A7-1052E9CA7854}.Release|Any CPU.Build.0 = Release|Any CPU
		{BA4828D8-E37F-42F4-A1EF-D4E6CAF9867A}.Debug|Any CPU.ActiveCfg = Debug|Any CPU
		{BA4828D8-E37F-42F4-A1EF-D4E6CAF9867A}.Debug|Any CPU.Build.0 = Debug|Any CPU
		{BA4828D8-E37F-42F4-A1EF-D4E6CAF9867A}.Release|Any CPU.ActiveCfg = Release|Any CPU
		{BA4828D8-E37F-42F4-A1EF-D4E6CAF9867A}.Release|Any CPU.Build.0 = Release|Any CPU
		{50AF3EDC-83F1-4848-842B-F3B3AEE8C646}.Debug|Any CPU.ActiveCfg = Debug|Any CPU
		{50AF3EDC-83F1-4848-842B-F3B3AEE8C646}.Debug|Any CPU.Build.0 = Debug|Any CPU
		{50AF3EDC-83F1-4848-842B-F3B3AEE8C646}.Release|Any CPU.ActiveCfg = Release|Any CPU
		{50AF3EDC-83F1-4848-842B-F3B3AEE8C646}.Release|Any CPU.Build.0 = Release|Any CPU
		{00CB6EE8-1088-47C3-8B79-040B020A4D42}.Debug|Any CPU.ActiveCfg = Debug|Any CPU
		{00CB6EE8-1088-47C3-8B79-040B020A4D42}.Debug|Any CPU.Build.0 = Debug|Any CPU
		{00CB6EE8-1088-47C3-8B79-040B020A4D42}.Release|Any CPU.ActiveCfg = Release|Any CPU
		{00CB6EE8-1088-47C3-8B79-040B020A4D42}.Release|Any CPU.Build.0 = Release|Any CPU
		{2EE4CE18-682A-4967-BBED-A86EBCC1264B}.Debug|Any CPU.ActiveCfg = Debug|Any CPU
		{2EE4CE18-682A-4967-BBED-A86EBCC1264B}.Debug|Any CPU.Build.0 = Debug|Any CPU
		{2EE4CE18-682A-4967-BBED-A86EBCC1264B}.Release|Any CPU.ActiveCfg = Release|Any CPU
		{2EE4CE18-682A-4967-BBED-A86EBCC1264B}.Release|Any CPU.Build.0 = Release|Any CPU
		{2B0E4F8F-96FF-4337-8A23-AC3E639C3650}.Debug|Any CPU.ActiveCfg = Debug|Any CPU
		{2B0E4F8F-96FF-4337-8A23-AC3E639C3650}.Debug|Any CPU.Build.0 = Debug|Any CPU
		{2B0E4F8F-96FF-4337-8A23-AC3E639C3650}.Release|Any CPU.ActiveCfg = Release|Any CPU
		{2B0E4F8F-96FF-4337-8A23-AC3E639C3650}.Release|Any CPU.Build.0 = Release|Any CPU
		{9EC81328-8D01-4B8B-B593-34A1922DB81A}.Debug|Any CPU.ActiveCfg = Debug|Any CPU
		{9EC81328-8D01-4B8B-B593-34A1922DB81A}.Debug|Any CPU.Build.0 = Debug|Any CPU
		{9EC81328-8D01-4B8B-B593-34A1922DB81A}.Release|Any CPU.ActiveCfg = Release|Any CPU
		{9EC81328-8D01-4B8B-B593-34A1922DB81A}.Release|Any CPU.Build.0 = Release|Any CPU
		{937A17F5-535F-48D5-918F-87EAF02D9455}.Debug|Any CPU.ActiveCfg = Debug|Any CPU
		{937A17F5-535F-48D5-918F-87EAF02D9455}.Debug|Any CPU.Build.0 = Debug|Any CPU
		{937A17F5-535F-48D5-918F-87EAF02D9455}.Release|Any CPU.ActiveCfg = Release|Any CPU
		{937A17F5-535F-48D5-918F-87EAF02D9455}.Release|Any CPU.Build.0 = Release|Any CPU
		{8CB5419F-1912-4F13-B303-E105F6EA38FD}.Debug|Any CPU.ActiveCfg = Debug|Any CPU
		{8CB5419F-1912-4F13-B303-E105F6EA38FD}.Debug|Any CPU.Build.0 = Debug|Any CPU
		{8CB5419F-1912-4F13-B303-E105F6EA38FD}.Release|Any CPU.ActiveCfg = Release|Any CPU
		{8CB5419F-1912-4F13-B303-E105F6EA38FD}.Release|Any CPU.Build.0 = Release|Any CPU
		{9DB60370-3974-4A8F-AB4D-46C6685AC072}.Debug|Any CPU.ActiveCfg = Debug|Any CPU
		{9DB60370-3974-4A8F-AB4D-46C6685AC072}.Debug|Any CPU.Build.0 = Debug|Any CPU
		{9DB60370-3974-4A8F-AB4D-46C6685AC072}.Release|Any CPU.ActiveCfg = Release|Any CPU
		{9DB60370-3974-4A8F-AB4D-46C6685AC072}.Release|Any CPU.Build.0 = Release|Any CPU
		{CCEECC04-4247-4AB5-874F-79838800B790}.Debug|Any CPU.ActiveCfg = Debug|Any CPU
		{CCEECC04-4247-4AB5-874F-79838800B790}.Debug|Any CPU.Build.0 = Debug|Any CPU
		{CCEECC04-4247-4AB5-874F-79838800B790}.Release|Any CPU.ActiveCfg = Release|Any CPU
		{CCEECC04-4247-4AB5-874F-79838800B790}.Release|Any CPU.Build.0 = Release|Any CPU
		{30A4261D-178B-4202-9AFB-364D9CC14550}.Debug|Any CPU.ActiveCfg = Debug|Any CPU
		{30A4261D-178B-4202-9AFB-364D9CC14550}.Debug|Any CPU.Build.0 = Debug|Any CPU
		{30A4261D-178B-4202-9AFB-364D9CC14550}.Release|Any CPU.ActiveCfg = Release|Any CPU
		{30A4261D-178B-4202-9AFB-364D9CC14550}.Release|Any CPU.Build.0 = Release|Any CPU
		{BE63D407-431C-425B-A927-0A9603941833}.Debug|Any CPU.ActiveCfg = Debug|Any CPU
		{BE63D407-431C-425B-A927-0A9603941833}.Debug|Any CPU.Build.0 = Debug|Any CPU
		{BE63D407-431C-425B-A927-0A9603941833}.Release|Any CPU.ActiveCfg = Release|Any CPU
		{BE63D407-431C-425B-A927-0A9603941833}.Release|Any CPU.Build.0 = Release|Any CPU
		{4A132776-783A-4B6D-BF27-D2DB92330562}.Debug|Any CPU.ActiveCfg = Debug|Any CPU
		{4A132776-783A-4B6D-BF27-D2DB92330562}.Debug|Any CPU.Build.0 = Debug|Any CPU
		{4A132776-783A-4B6D-BF27-D2DB92330562}.Release|Any CPU.ActiveCfg = Release|Any CPU
		{4A132776-783A-4B6D-BF27-D2DB92330562}.Release|Any CPU.Build.0 = Release|Any CPU
	EndGlobalSection
	GlobalSection(SolutionProperties) = preSolution
		HideSolutionNode = FALSE
	EndGlobalSection
	GlobalSection(NestedProjects) = preSolution
		{2EE4CE18-682A-4967-BBED-A86EBCC1264B} = {AB76A9E1-AD3E-4859-BD2D-F7EBBD02E97A}
		{2B0E4F8F-96FF-4337-8A23-AC3E639C3650} = {AB76A9E1-AD3E-4859-BD2D-F7EBBD02E97A}
		{8CB5419F-1912-4F13-B303-E105F6EA38FD} = {AB76A9E1-AD3E-4859-BD2D-F7EBBD02E97A}
		{9DB60370-3974-4A8F-AB4D-46C6685AC072} = {AB76A9E1-AD3E-4859-BD2D-F7EBBD02E97A}
		{CCEECC04-4247-4AB5-874F-79838800B790} = {AB76A9E1-AD3E-4859-BD2D-F7EBBD02E97A}
		{4A132776-783A-4B6D-BF27-D2DB92330562} = {AB76A9E1-AD3E-4859-BD2D-F7EBBD02E97A}
	EndGlobalSection
EndGlobal
